
Microsoft Visual Studio Solution File, Format Version 12.00
# Visual Studio 15
VisualStudioVersion = 15.0.27130.2024
MinimumVisualStudioVersion = 10.0.40219.1
Project("{FAE04EC0-301F-11D3-BF4B-00C04F79EFBC}") = "DigitalMedia_PotPolio_Starcraft_Hack", "DigitalMedia_PotPolio_Starcraft_Hack\DigitalMedia_PotPolio_Starcraft_Hack.csproj", "{C2C09EA4-3C84-4871-BA2B-1867BF80B7CC}"
EndProject
Global
	GlobalSection(SolutionConfigurationPlatforms) = preSolution
		Debug|Any CPU = Debug|Any CPU
		Release|Any CPU = Release|Any CPU
	EndGlobalSection
	GlobalSection(ProjectConfigurationPlatforms) = postSolution
		{C2C09EA4-3C84-4871-BA2B-1867BF80B7CC}.Debug|Any CPU.ActiveCfg = Debug|Any CPU
		{C2C09EA4-3C84-4871-BA2B-1867BF80B7CC}.Debug|Any CPU.Build.0 = Debug|Any CPU
		{C2C09EA4-3C84-4871-BA2B-1867BF80B7CC}.Release|Any CPU.ActiveCfg = Release|Any CPU
		{C2C09EA4-3C84-4871-BA2B-1867BF80B7CC}.Release|Any CPU.Build.0 = Release|Any CPU
	EndGlobalSection
	GlobalSection(SolutionProperties) = preSolution
		HideSolutionNode = FALSE
	EndGlobalSection
	GlobalSection(ExtensibilityGlobals) = postSolution
		SolutionGuid = {30CDAB7E-1687-48C8-A528-ECC422FC44F4}
	EndGlobalSection
EndGlobal
